
Microsoft Visual Studio Solution File, Format Version 12.00
# Visual Studio 15
VisualStudioVersion = 15.0.26730.16
MinimumVisualStudioVersion = 10.0.40219.1
Project("{FAE04EC0-301F-11D3-BF4B-00C04F79EFBC}") = "ScheduleOrganizer", "ScheduleOrganizer\ScheduleOrganizer.csproj", "{64F1A083-AD2D-4EC7-9091-E8F42A9022B2}"
EndProject
Project("{FAE04EC0-301F-11D3-BF4B-00C04F79EFBC}") = "ScheduleOrganizer.Services", "ScheduleOrganizer.Services\ScheduleOrganizer.Services.csproj", "{A2F454BE-4A15-4F31-BC1A-B1B1794A0200}"
EndProject
Project("{FAE04EC0-301F-11D3-BF4B-00C04F79EFBC}") = "ScheduleOrganizer.Database", "ScheduleOrganizer.Database\ScheduleOrganizer.Database.csproj", "{9D72E348-8D5F-4B6D-9DE1-F09B0900E722}"
EndProject
Global
	GlobalSection(SolutionConfigurationPlatforms) = preSolution
		Debug|Any CPU = Debug|Any CPU
		Release|Any CPU = Release|Any CPU
	EndGlobalSection
	GlobalSection(ProjectConfigurationPlatforms) = postSolution
		{64F1A083-AD2D-4EC7-9091-E8F42A9022B2}.Debug|Any CPU.ActiveCfg = Debug|Any CPU
		{64F1A083-AD2D-4EC7-9091-E8F42A9022B2}.Debug|Any CPU.Build.0 = Debug|Any CPU
		{64F1A083-AD2D-4EC7-9091-E8F42A9022B2}.Release|Any CPU.ActiveCfg = Release|Any CPU
		{64F1A083-AD2D-4EC7-9091-E8F42A9022B2}.Release|Any CPU.Build.0 = Release|Any CPU
		{A2F454BE-4A15-4F31-BC1A-B1B1794A0200}.Debug|Any CPU.ActiveCfg = Debug|Any CPU
		{A2F454BE-4A15-4F31-BC1A-B1B1794A0200}.Debug|Any CPU.Build.0 = Debug|Any CPU
		{A2F454BE-4A15-4F31-BC1A-B1B1794A0200}.Release|Any CPU.ActiveCfg = Release|Any CPU
		{A2F454BE-4A15-4F31-BC1A-B1B1794A0200}.Release|Any CPU.Build.0 = Release|Any CPU
		{9D72E348-8D5F-4B6D-9DE1-F09B0900E722}.Debug|Any CPU.ActiveCfg = Debug|Any CPU
		{9D72E348-8D5F-4B6D-9DE1-F09B0900E722}.Debug|Any CPU.Build.0 = Debug|Any CPU
		{9D72E348-8D5F-4B6D-9DE1-F09B0900E722}.Release|Any CPU.ActiveCfg = Release|Any CPU
		{9D72E348-8D5F-4B6D-9DE1-F09B0900E722}.Release|Any CPU.Build.0 = Release|Any CPU
	EndGlobalSection
	GlobalSection(SolutionProperties) = preSolution
		HideSolutionNode = FALSE
	EndGlobalSection
	GlobalSection(ExtensibilityGlobals) = postSolution
		SolutionGuid = {81E911BE-95CE-42C2-9C06-938A357A41F4}
	EndGlobalSection
EndGlobal
